{"version":4,"terraform_version":"1.11.2","serial":5,"lineage":"eb572645-0823-690e-9543-873bc80442fc","outputs":{"server_ipv4":{"value":"46.224.154.143","type":"string"}},"resources":[{"mode":"data","type":"template_file","name":"cloud_init","provider":"provider[\"registry.opentofu.org/hashicorp/template\"]","instances":[{"schema_version":0,"attributes":{"filename":null,"id":"d1124426dad7d659fb579fd292c36264ee593ad6f99370ad0a8f1de48772adec","rendered":"#cloud-config\npackage_update: true\npackage_upgrade: true\n\npackages:\n  - curl\n  - ca-certificates\n  - apt-transport-https\n\nruncmd:\n  # Disable swap (required for Kubernetes)\n  - swapoff -a\n  - sed -i '/ swap / s/^/#/' /etc/fstab\n\n  # Install k3s\n  - curl -sfL https://get.k3s.io | sh -\n\n  # Enable kubectl for root\n  - mkdir -p /root/.kube\n  - cp /etc/rancher/k3s/k3s.yaml /root/.kube/config\n  - chmod 600 /root/.kube/config\n\n  # Make sure k3s is running\n  - systemctl enable k3s\n  - systemctl start k3s\n","template":"#cloud-config\npackage_update: true\npackage_upgrade: true\n\npackages:\n  - curl\n  - ca-certificates\n  - apt-transport-https\n\nruncmd:\n  # Disable swap (required for Kubernetes)\n  - swapoff -a\n  - sed -i '/ swap / s/^/#/' /etc/fstab\n\n  # Install k3s\n  - curl -sfL https://get.k3s.io | sh -\n\n  # Enable kubectl for root\n  - mkdir -p /root/.kube\n  - cp /etc/rancher/k3s/k3s.yaml /root/.kube/config\n  - chmod 600 /root/.kube/config\n\n  # Make sure k3s is running\n  - systemctl enable k3s\n  - systemctl start k3s\n","vars":null},"sensitive_attributes":[]}]},{"mode":"managed","type":"hcloud_server","name":"vm","provider":"provider[\"registry.opentofu.org/hetznercloud/hcloud\"]","instances":[{"schema_version":0,"attributes":{"allow_deprecated_images":false,"backup_window":"","backups":false,"datacenter":"nbg1-dc3","delete_protection":false,"firewall_ids":[],"id":"116673163","ignore_remote_firewall_ids":false,"image":"ubuntu-22.04","ipv4_address":"46.224.154.143","ipv6_address":"","ipv6_network":"\u003cnil\u003e","iso":null,"keep_disk":false,"labels":null,"location":"nbg1","name":"k8s-lab","network":[],"placement_group_id":0,"primary_disk_size":80,"public_net":[{"ipv4":0,"ipv4_enabled":true,"ipv6":0,"ipv6_enabled":false}],"rebuild_protection":false,"rescue":null,"server_type":"cpx22","shutdown_before_deletion":false,"ssh_keys":["104797656"],"status":"running","timeouts":null,"user_data":"wXBH5XUcolIHnpHDYuNimRP87Bc="},"sensitive_attributes":[],"private":"eyJlMmJmYjczMC1lY2FhLTExZTYtOGY4OC0zNDM2M2JjN2M0YzAiOnsiY3JlYXRlIjo1NDAwMDAwMDAwMDAwfX0=","dependencies":["data.template_file.cloud_init","hcloud_ssh_key.default"]}]},{"mode":"managed","type":"hcloud_ssh_key","name":"default","provider":"provider[\"registry.opentofu.org/hetznercloud/hcloud\"]","instances":[{"schema_version":0,"attributes":{"fingerprint":"8c:ff:3a:00:1b:ee:62:b4:de:36:41:0e:a3:a2:4c:41","id":"104797656","labels":{},"name":"opentofu-key","public_key":"ssh-ed25519 AAAAC3NzaC1lZDI1NTE5AAAAILGhFsVA/ZlmsqwdqGPge1Br12huaKpI4hM+F+OsEdyA nils.schwinning@gmx.de"},"sensitive_attributes":[]}]}],"check_results":null}
