{"version":4,"terraform_version":"1.11.2","serial":3,"lineage":"eb572645-0823-690e-9543-873bc80442fc","outputs":{"server_ipv4":{"value":"46.224.154.143","type":"string"}},"resources":[{"mode":"managed","type":"hcloud_server","name":"vm","provider":"provider[\"registry.opentofu.org/hetznercloud/hcloud\"]","instances":[{"schema_version":0,"attributes":{"allow_deprecated_images":false,"backup_window":"","backups":false,"datacenter":"nbg1-dc3","delete_protection":false,"firewall_ids":[],"id":"116199539","ignore_remote_firewall_ids":false,"image":"ubuntu-22.04","ipv4_address":"46.224.154.143","ipv6_address":"","ipv6_network":"\u003cnil\u003e","iso":null,"keep_disk":false,"labels":{},"location":"nbg1","name":"k8s-lab","network":[],"placement_group_id":0,"primary_disk_size":80,"public_net":[{"ipv4":0,"ipv4_enabled":true,"ipv6":0,"ipv6_enabled":false}],"rebuild_protection":false,"rescue":null,"server_type":"cpx22","shutdown_before_deletion":false,"ssh_keys":["104797656"],"status":"running","timeouts":null,"user_data":null},"sensitive_attributes":[],"private":"eyJlMmJmYjczMC1lY2FhLTExZTYtOGY4OC0zNDM2M2JjN2M0YzAiOnsiY3JlYXRlIjo1NDAwMDAwMDAwMDAwfX0=","dependencies":["hcloud_ssh_key.default"]}]},{"mode":"managed","type":"hcloud_ssh_key","name":"default","provider":"provider[\"registry.opentofu.org/hetznercloud/hcloud\"]","instances":[{"schema_version":0,"attributes":{"fingerprint":"8c:ff:3a:00:1b:ee:62:b4:de:36:41:0e:a3:a2:4c:41","id":"104797656","labels":{},"name":"opentofu-key","public_key":"ssh-ed25519 AAAAC3NzaC1lZDI1NTE5AAAAILGhFsVA/ZlmsqwdqGPge1Br12huaKpI4hM+F+OsEdyA nils.schwinning@gmx.de"},"sensitive_attributes":[]}]}],"check_results":null}
